// !$*UTF8*$!
{
	archiveVersion = 1;
	classes = {
	};
	objectVersion = 46;
	objects = {

/* Begin PBXBuildFile section */
		19B846491C04076D00CE9184 /* Enemy.swift in Sources */ = {isa = PBXBuildFile; fileRef = 19B846481C04076D00CE9184 /* Enemy.swift */; };
		19B8464C1C040A7500CE9184 /* Spinner.swift in Sources */ = {isa = PBXBuildFile; fileRef = 19B8464B1C040A7500CE9184 /* Spinner.swift */; };
		19B8464F1C0B9C1100CE9184 /* VictoryMenu.swift in Sources */ = {isa = PBXBuildFile; fileRef = 19B8464E1C0B9C1100CE9184 /* VictoryMenu.swift */; };
		19F388CC1BEBB06D00FD22F1 /* AppDelegate.swift in Sources */ = {isa = PBXBuildFile; fileRef = 19F388CB1BEBB06D00FD22F1 /* AppDelegate.swift */; };
		19F388CE1BEBB06D00FD22F1 /* LevelOne.sks in Resources */ = {isa = PBXBuildFile; fileRef = 19F388CD1BEBB06D00FD22F1 /* LevelOne.sks */; };
		19F388D01BEBB06D00FD22F1 /* LevelOne.swift in Sources */ = {isa = PBXBuildFile; fileRef = 19F388CF1BEBB06D00FD22F1 /* LevelOne.swift */; };
		19F388D21BEBB06D00FD22F1 /* GameViewController.swift in Sources */ = {isa = PBXBuildFile; fileRef = 19F388D11BEBB06D00FD22F1 /* GameViewController.swift */; };
		19F388D51BEBB06D00FD22F1 /* Main.storyboard in Resources */ = {isa = PBXBuildFile; fileRef = 19F388D31BEBB06D00FD22F1 /* Main.storyboard */; };
		19F388D71BEBB06D00FD22F1 /* Assets.xcassets in Resources */ = {isa = PBXBuildFile; fileRef = 19F388D61BEBB06D00FD22F1 /* Assets.xcassets */; };
		19F388DA1BEBB06D00FD22F1 /* LaunchScreen.storyboard in Resources */ = {isa = PBXBuildFile; fileRef = 19F388D81BEBB06D00FD22F1 /* LaunchScreen.storyboard */; };
		19F388E51BEBB06D00FD22F1 /* hopperTests.swift in Sources */ = {isa = PBXBuildFile; fileRef = 19F388E41BEBB06D00FD22F1 /* hopperTests.swift */; };
		19F388F01BEBB06E00FD22F1 /* hopperUITests.swift in Sources */ = {isa = PBXBuildFile; fileRef = 19F388EF1BEBB06E00FD22F1 /* hopperUITests.swift */; };
		19F388FE1BEC1F7800FD22F1 /* Player.swift in Sources */ = {isa = PBXBuildFile; fileRef = 19F388FD1BEC1F7800FD22F1 /* Player.swift */; };
		19F389011BEC582300FD22F1 /* Level.swift in Sources */ = {isa = PBXBuildFile; fileRef = 19F389001BEC582300FD22F1 /* Level.swift */; };
		19F389031BED120500FD22F1 /* Extensions.swift in Sources */ = {isa = PBXBuildFile; fileRef = 19F389021BED120500FD22F1 /* Extensions.swift */; };
		19FCE4751C77B6CB009339D6 /* kenvector_future.ttf in Resources */ = {isa = PBXBuildFile; fileRef = 19FCE4741C77B6C0009339D6 /* kenvector_future.ttf */; };
		19FCE4781C786052009339D6 /* GameTimer.swift in Sources */ = {isa = PBXBuildFile; fileRef = 19FCE4771C786052009339D6 /* GameTimer.swift */; };
/* End PBXBuildFile section */

/* Begin PBXContainerItemProxy section */
		19F388E11BEBB06D00FD22F1 /* PBXContainerItemProxy */ = {
			isa = PBXContainerItemProxy;
			containerPortal = 19F388C01BEBB06D00FD22F1 /* Project object */;
			proxyType = 1;
			remoteGlobalIDString = 19F388C71BEBB06D00FD22F1;
			remoteInfo = hopper;
		};
		19F388EC1BEBB06E00FD22F1 /* PBXContainerItemProxy */ = {
			isa = PBXContainerItemProxy;
			containerPortal = 19F388C01BEBB06D00FD22F1 /* Project object */;
			proxyType = 1;
			remoteGlobalIDString = 19F388C71BEBB06D00FD22F1;
			remoteInfo = hopper;
		};
/* End PBXContainerItemProxy section */

/* Begin PBXFileReference section */
		19B846481C04076D00CE9184 /* Enemy.swift */ = {isa = PBXFileReference; fileEncoding = 4; lastKnownFileType = sourcecode.swift; path = Enemy.swift; sourceTree = "<group>"; };
		19B8464B1C040A7500CE9184 /* Spinner.swift */ = {isa = PBXFileReference; fileEncoding = 4; lastKnownFileType = sourcecode.swift; path = Spinner.swift; sourceTree = "<group>"; };
		19B8464E1C0B9C1100CE9184 /* VictoryMenu.swift */ = {isa = PBXFileReference; fileEncoding = 4; lastKnownFileType = sourcecode.swift; path = VictoryMenu.swift; sourceTree = "<group>"; };
		19F388C81BEBB06D00FD22F1 /* hopper.app */ = {isa = PBXFileReference; explicitFileType = wrapper.application; includeInIndex = 0; path = hopper.app; sourceTree = BUILT_PRODUCTS_DIR; };
		19F388CB1BEBB06D00FD22F1 /* AppDelegate.swift */ = {isa = PBXFileReference; lastKnownFileType = sourcecode.swift; path = AppDelegate.swift; sourceTree = "<group>"; };
		19F388CD1BEBB06D00FD22F1 /* LevelOne.sks */ = {isa = PBXFileReference; lastKnownFileType = file.sks; path = LevelOne.sks; sourceTree = "<group>"; };
		19F388CF1BEBB06D00FD22F1 /* LevelOne.swift */ = {isa = PBXFileReference; lastKnownFileType = sourcecode.swift; path = LevelOne.swift; sourceTree = "<group>"; };
		19F388D11BEBB06D00FD22F1 /* GameViewController.swift */ = {isa = PBXFileReference; lastKnownFileType = sourcecode.swift; path = GameViewController.swift; sourceTree = "<group>"; };
		19F388D41BEBB06D00FD22F1 /* Base */ = {isa = PBXFileReference; lastKnownFileType = file.storyboard; name = Base; path = Base.lproj/Main.storyboard; sourceTree = "<group>"; };
		19F388D61BEBB06D00FD22F1 /* Assets.xcassets */ = {isa = PBXFileReference; lastKnownFileType = folder.assetcatalog; path = Assets.xcassets; sourceTree = "<group>"; };
		19F388D91BEBB06D00FD22F1 /* Base */ = {isa = PBXFileReference; lastKnownFileType = file.storyboard; name = Base; path = Base.lproj/LaunchScreen.storyboard; sourceTree = "<group>"; };
		19F388DB1BEBB06D00FD22F1 /* Info.plist */ = {isa = PBXFileReference; lastKnownFileType = text.plist.xml; path = Info.plist; sourceTree = "<group>"; };
		19F388E01BEBB06D00FD22F1 /* hopperTests.xctest */ = {isa = PBXFileReference; explicitFileType = wrapper.cfbundle; includeInIndex = 0; path = hopperTests.xctest; sourceTree = BUILT_PRODUCTS_DIR; };
		19F388E41BEBB06D00FD22F1 /* hopperTests.swift */ = {isa = PBXFileReference; lastKnownFileType = sourcecode.swift; path = hopperTests.swift; sourceTree = "<group>"; };
		19F388E61BEBB06D00FD22F1 /* Info.plist */ = {isa = PBXFileReference; lastKnownFileType = text.plist.xml; path = Info.plist; sourceTree = "<group>"; };
		19F388EB1BEBB06E00FD22F1 /* hopperUITests.xctest */ = {isa = PBXFileReference; explicitFileType = wrapper.cfbundle; includeInIndex = 0; path = hopperUITests.xctest; sourceTree = BUILT_PRODUCTS_DIR; };
		19F388EF1BEBB06E00FD22F1 /* hopperUITests.swift */ = {isa = PBXFileReference; lastKnownFileType = sourcecode.swift; path = hopperUITests.swift; sourceTree = "<group>"; };
		19F388F11BEBB06E00FD22F1 /* Info.plist */ = {isa = PBXFileReference; lastKnownFileType = text.plist.xml; path = Info.plist; sourceTree = "<group>"; };
		19F388FD1BEC1F7800FD22F1 /* Player.swift */ = {isa = PBXFileReference; fileEncoding = 4; lastKnownFileType = sourcecode.swift; path = Player.swift; sourceTree = "<group>"; };
		19F389001BEC582300FD22F1 /* Level.swift */ = {isa = PBXFileReference; fileEncoding = 4; lastKnownFileType = sourcecode.swift; path = Level.swift; sourceTree = "<group>"; };
		19F389021BED120500FD22F1 /* Extensions.swift */ = {isa = PBXFileReference; fileEncoding = 4; lastKnownFileType = sourcecode.swift; path = Extensions.swift; sourceTree = "<group>"; };
		19FCE4741C77B6C0009339D6 /* kenvector_future.ttf */ = {isa = PBXFileReference; lastKnownFileType = file; path = kenvector_future.ttf; sourceTree = "<group>"; };
		19FCE4771C786052009339D6 /* GameTimer.swift */ = {isa = PBXFileReference; fileEncoding = 4; lastKnownFileType = sourcecode.swift; path = GameTimer.swift; sourceTree = "<group>"; };
/* End PBXFileReference section */

/* Begin PBXFrameworksBuildPhase section */
		19F388C51BEBB06D00FD22F1 /* Frameworks */ = {
			isa = PBXFrameworksBuildPhase;
			buildActionMask = 2147483647;
			files = (
			);
			runOnlyForDeploymentPostprocessing = 0;
		};
		19F388DD1BEBB06D00FD22F1 /* Frameworks */ = {
			isa = PBXFrameworksBuildPhase;
			buildActionMask = 2147483647;
			files = (
			);
			runOnlyForDeploymentPostprocessing = 0;
		};
		19F388E81BEBB06E00FD22F1 /* Frameworks */ = {
			isa = PBXFrameworksBuildPhase;
			buildActionMask = 2147483647;
			files = (
			);
			runOnlyForDeploymentPostprocessing = 0;
		};
/* End PBXFrameworksBuildPhase section */

/* Begin PBXGroup section */
		19B8464A1C040A6200CE9184 /* Enemies */ = {
			isa = PBXGroup;
			children = (
				19B846481C04076D00CE9184 /* Enemy.swift */,
				19B8464B1C040A7500CE9184 /* Spinner.swift */,
			);
			name = Enemies;
			sourceTree = "<group>";
		};
		19B8464D1C0B9C0200CE9184 /* Menus */ = {
			isa = PBXGroup;
			children = (
				19B8464E1C0B9C1100CE9184 /* VictoryMenu.swift */,
			);
			name = Menus;
			sourceTree = "<group>";
		};
		19F388BF1BEBB06D00FD22F1 = {
			isa = PBXGroup;
			children = (
				19F388CA1BEBB06D00FD22F1 /* hopper */,
				19F388E31BEBB06D00FD22F1 /* hopperTests */,
				19F388EE1BEBB06E00FD22F1 /* hopperUITests */,
				19F388C91BEBB06D00FD22F1 /* Products */,
			);
			sourceTree = "<group>";
		};
		19F388C91BEBB06D00FD22F1 /* Products */ = {
			isa = PBXGroup;
			children = (
				19F388C81BEBB06D00FD22F1 /* hopper.app */,
				19F388E01BEBB06D00FD22F1 /* hopperTests.xctest */,
				19F388EB1BEBB06E00FD22F1 /* hopperUITests.xctest */,
			);
			name = Products;
			sourceTree = "<group>";
		};
		19F388CA1BEBB06D00FD22F1 /* hopper */ = {
			isa = PBXGroup;
			children = (
				19FCE4761C786048009339D6 /* Game */,
				19B8464D1C0B9C0200CE9184 /* Menus */,
				19B8464A1C040A6200CE9184 /* Enemies */,
				19F388FF1BEC580C00FD22F1 /* Levels */,
				19F388CB1BEBB06D00FD22F1 /* AppDelegate.swift */,
				19F388D11BEBB06D00FD22F1 /* GameViewController.swift */,
				19F388D31BEBB06D00FD22F1 /* Main.storyboard */,
				19F388D61BEBB06D00FD22F1 /* Assets.xcassets */,
				19F388D81BEBB06D00FD22F1 /* LaunchScreen.storyboard */,
				19F388DB1BEBB06D00FD22F1 /* Info.plist */,
				19F388FD1BEC1F7800FD22F1 /* Player.swift */,
				19F389021BED120500FD22F1 /* Extensions.swift */,
				19FCE4731C77B6AF009339D6 /* Supporting Files */,
			);
			path = hopper;
			sourceTree = "<group>";
		};
		19F388E31BEBB06D00FD22F1 /* hopperTests */ = {
			isa = PBXGroup;
			children = (
				19F388E41BEBB06D00FD22F1 /* hopperTests.swift */,
				19F388E61BEBB06D00FD22F1 /* Info.plist */,
			);
			path = hopperTests;
			sourceTree = "<group>";
		};
		19F388EE1BEBB06E00FD22F1 /* hopperUITests */ = {
			isa = PBXGroup;
			children = (
				19F388EF1BEBB06E00FD22F1 /* hopperUITests.swift */,
				19F388F11BEBB06E00FD22F1 /* Info.plist */,
			);
			path = hopperUITests;
			sourceTree = "<group>";
		};
		19F388FF1BEC580C00FD22F1 /* Levels */ = {
			isa = PBXGroup;
			children = (
				19F388CD1BEBB06D00FD22F1 /* LevelOne.sks */,
				19F388CF1BEBB06D00FD22F1 /* LevelOne.swift */,
				19F389001BEC582300FD22F1 /* Level.swift */,
			);
			name = Levels;
			sourceTree = "<group>";
		};
		19FCE4731C77B6AF009339D6 /* Supporting Files */ = {
			isa = PBXGroup;
			children = (
				19FCE4741C77B6C0009339D6 /* kenvector_future.ttf */,
			);
			name = "Supporting Files";
			sourceTree = "<group>";
		};
		19FCE4761C786048009339D6 /* Game */ = {
			isa = PBXGroup;
			children = (
				19FCE4771C786052009339D6 /* GameTimer.swift */,
			);
			name = Game;
			sourceTree = "<group>";
		};
/* End PBXGroup section */

/* Begin PBXNativeTarget section */
		19F388C71BEBB06D00FD22F1 /* hopper */ = {
			isa = PBXNativeTarget;
			buildConfigurationList = 19F388F41BEBB06E00FD22F1 /* Build configuration list for PBXNativeTarget "hopper" */;
			buildPhases = (
				19F388C41BEBB06D00FD22F1 /* Sources */,
				19F388C51BEBB06D00FD22F1 /* Frameworks */,
				19F388C61BEBB06D00FD22F1 /* Resources */,
			);
			buildRules = (
			);
			dependencies = (
			);
			name = hopper;
			productName = hopper;
			productReference = 19F388C81BEBB06D00FD22F1 /* hopper.app */;
			productType = "com.apple.product-type.application";
		};
		19F388DF1BEBB06D00FD22F1 /* hopperTests */ = {
			isa = PBXNativeTarget;
			buildConfigurationList = 19F388F71BEBB06E00FD22F1 /* Build configuration list for PBXNativeTarget "hopperTests" */;
			buildPhases = (
				19F388DC1BEBB06D00FD22F1 /* Sources */,
				19F388DD1BEBB06D00FD22F1 /* Frameworks */,
				19F388DE1BEBB06D00FD22F1 /* Resources */,
			);
			buildRules = (
			);
			dependencies = (
				19F388E21BEBB06D00FD22F1 /* PBXTargetDependency */,
			);
			name = hopperTests;
			productName = hopperTests;
			productReference = 19F388E01BEBB06D00FD22F1 /* hopperTests.xctest */;
			productType = "com.apple.product-type.bundle.unit-test";
		};
		19F388EA1BEBB06E00FD22F1 /* hopperUITests */ = {
			isa = PBXNativeTarget;
			buildConfigurationList = 19F388FA1BEBB06E00FD22F1 /* Build configuration list for PBXNativeTarget "hopperUITests" */;
			buildPhases = (
				19F388E71BEBB06E00FD22F1 /* Sources */,
				19F388E81BEBB06E00FD22F1 /* Frameworks */,
				19F388E91BEBB06E00FD22F1 /* Resources */,
			);
			buildRules = (
			);
			dependencies = (
				19F388ED1BEBB06E00FD22F1 /* PBXTargetDependency */,
			);
			name = hopperUITests;
			productName = hopperUITests;
			productReference = 19F388EB1BEBB06E00FD22F1 /* hopperUITests.xctest */;
			productType = "com.apple.product-type.bundle.ui-testing";
		};
/* End PBXNativeTarget section */

/* Begin PBXProject section */
		19F388C01BEBB06D00FD22F1 /* Project object */ = {
			isa = PBXProject;
			attributes = {
				LastSwiftUpdateCheck = 0710;
				LastUpgradeCheck = 0710;
				ORGANIZATIONNAME = "Darien Morris";
				TargetAttributes = {
					19F388C71BEBB06D00FD22F1 = {
						CreatedOnToolsVersion = 7.1;
						DevelopmentTeam = FJS946RPYX;
					};
					19F388DF1BEBB06D00FD22F1 = {
						CreatedOnToolsVersion = 7.1;
						TestTargetID = 19F388C71BEBB06D00FD22F1;
					};
					19F388EA1BEBB06E00FD22F1 = {
						CreatedOnToolsVersion = 7.1;
						TestTargetID = 19F388C71BEBB06D00FD22F1;
					};
				};
			};
			buildConfigurationList = 19F388C31BEBB06D00FD22F1 /* Build configuration list for PBXProject "hopper" */;
			compatibilityVersion = "Xcode 3.2";
			developmentRegion = English;
			hasScannedForEncodings = 0;
			knownRegions = (
				en,
				Base,
			);
			mainGroup = 19F388BF1BEBB06D00FD22F1;
			productRefGroup = 19F388C91BEBB06D00FD22F1 /* Products */;
			projectDirPath = "";
			projectRoot = "";
			targets = (
				19F388C71BEBB06D00FD22F1 /* hopper */,
				19F388DF1BEBB06D00FD22F1 /* hopperTests */,
				19F388EA1BEBB06E00FD22F1 /* hopperUITests */,
			);
		};
/* End PBXProject section */

/* Begin PBXResourcesBuildPhase section */
		19F388C61BEBB06D00FD22F1 /* Resources */ = {
			isa = PBXResourcesBuildPhase;
			buildActionMask = 2147483647;
			files = (
				19F388CE1BEBB06D00FD22F1 /* LevelOne.sks in Resources */,
				19F388DA1BEBB06D00FD22F1 /* LaunchScreen.storyboard in Resources */,
				19F388D71BEBB06D00FD22F1 /* Assets.xcassets in Resources */,
				19F388D51BEBB06D00FD22F1 /* Main.storyboard in Resources */,
				19FCE4751C77B6CB009339D6 /* kenvector_future.ttf in Resources */,
			);
			runOnlyForDeploymentPostprocessing = 0;
		};
		19F388DE1BEBB06D00FD22F1 /* Resources */ = {
			isa = PBXResourcesBuildPhase;
			buildActionMask = 2147483647;
			files = (
			);
			runOnlyForDeploymentPostprocessing = 0;
		};
		19F388E91BEBB06E00FD22F1 /* Resources */ = {
			isa = PBXResourcesBuildPhase;
			buildActionMask = 2147483647;
			files = (
			);
			runOnlyForDeploymentPostprocessing = 0;
		};
/* End PBXResourcesBuildPhase section */

/* Begin PBXSourcesBuildPhase section */
		19F388C41BEBB06D00FD22F1 /* Sources */ = {
			isa = PBXSourcesBuildPhase;
			buildActionMask = 2147483647;
			files = (
				19B846491C04076D00CE9184 /* Enemy.swift in Sources */,
				19F388FE1BEC1F7800FD22F1 /* Player.swift in Sources */,
				19F389031BED120500FD22F1 /* Extensions.swift in Sources */,
				19FCE4781C786052009339D6 /* GameTimer.swift in Sources */,
				19F388D01BEBB06D00FD22F1 /* LevelOne.swift in Sources */,
				19B8464F1C0B9C1100CE9184 /* VictoryMenu.swift in Sources */,
				19F388D21BEBB06D00FD22F1 /* GameViewController.swift in Sources */,
				19F389011BEC582300FD22F1 /* Level.swift in Sources */,
				19F388CC1BEBB06D00FD22F1 /* AppDelegate.swift in Sources */,
				19B8464C1C040A7500CE9184 /* Spinner.swift in Sources */,
			);
			runOnlyForDeploymentPostprocessing = 0;
		};
		19F388DC1BEBB06D00FD22F1 /* Sources */ = {
			isa = PBXSourcesBuildPhase;
			buildActionMask = 2147483647;
			files = (
				19F388E51BEBB06D00FD22F1 /* hopperTests.swift in Sources */,
			);
			runOnlyForDeploymentPostprocessing = 0;
		};
		19F388E71BEBB06E00FD22F1 /* Sources */ = {
			isa = PBXSourcesBuildPhase;
			buildActionMask = 2147483647;
			files = (
				19F388F01BEBB06E00FD22F1 /* hopperUITests.swift in Sources */,
			);
			runOnlyForDeploymentPostprocessing = 0;
		};
/* End PBXSourcesBuildPhase section */

/* Begin PBXTargetDependency section */
		19F388E21BEBB06D00FD22F1 /* PBXTargetDependency */ = {
			isa = PBXTargetDependency;
			target = 19F388C71BEBB06D00FD22F1 /* hopper */;
			targetProxy = 19F388E11BEBB06D00FD22F1 /* PBXContainerItemProxy */;
		};
		19F388ED1BEBB06E00FD22F1 /* PBXTargetDependency */ = {
			isa = PBXTargetDependency;
			target = 19F388C71BEBB06D00FD22F1 /* hopper */;
			targetProxy = 19F388EC1BEBB06E00FD22F1 /* PBXContainerItemProxy */;
		};
/* End PBXTargetDependency section */

/* Begin PBXVariantGroup section */
		19F388D31BEBB06D00FD22F1 /* Main.storyboard */ = {
			isa = PBXVariantGroup;
			children = (
				19F388D41BEBB06D00FD22F1 /* Base */,
			);
			name = Main.storyboard;
			sourceTree = "<group>";
		};
		19F388D81BEBB06D00FD22F1 /* LaunchScreen.storyboard */ = {
			isa = PBXVariantGroup;
			children = (
				19F388D91BEBB06D00FD22F1 /* Base */,
			);
			name = LaunchScreen.storyboard;
			sourceTree = "<group>";
		};
/* End PBXVariantGroup section */

/* Begin XCBuildConfiguration section */
		19F388F21BEBB06E00FD22F1 /* Debug */ = {
			isa = XCBuildConfiguration;
			buildSettings = {
				ALWAYS_SEARCH_USER_PATHS = NO;
				CLANG_CXX_LANGUAGE_STANDARD = "gnu++0x";
				CLANG_CXX_LIBRARY = "libc++";
				CLANG_ENABLE_MODULES = YES;
				CLANG_ENABLE_OBJC_ARC = YES;
				CLANG_WARN_BOOL_CONVERSION = YES;
				CLANG_WARN_CONSTANT_CONVERSION = YES;
				CLANG_WARN_DIRECT_OBJC_ISA_USAGE = YES_ERROR;
				CLANG_WARN_EMPTY_BODY = YES;
				CLANG_WARN_ENUM_CONVERSION = YES;
				CLANG_WARN_INT_CONVERSION = YES;
				CLANG_WARN_OBJC_ROOT_CLASS = YES_ERROR;
				CLANG_WARN_UNREACHABLE_CODE = YES;
				CLANG_WARN__DUPLICATE_METHOD_MATCH = YES;
				"CODE_SIGN_IDENTITY[sdk=iphoneos*]" = "iPhone Developer";
				COPY_PHASE_STRIP = NO;
				DEBUG_INFORMATION_FORMAT = "dwarf-with-dsym";
				ENABLE_STRICT_OBJC_MSGSEND = YES;
				ENABLE_TESTABILITY = YES;
				GCC_C_LANGUAGE_STANDARD = gnu99;
				GCC_DYNAMIC_NO_PIC = NO;
				GCC_NO_COMMON_BLOCKS = YES;
				GCC_OPTIMIZATION_LEVEL = 0;
				GCC_PREPROCESSOR_DEFINITIONS = (
					"DEBUG=1",
					"$(inherited)",
				);
				GCC_WARN_64_TO_32_BIT_CONVERSION = YES;
				GCC_WARN_ABOUT_RETURN_TYPE = YES_ERROR;
				GCC_WARN_UNDECLARED_SELECTOR = YES;
				GCC_WARN_UNINITIALIZED_AUTOS = YES_AGGRESSIVE;
				GCC_WARN_UNUSED_FUNCTION = YES;
				GCC_WARN_UNUSED_VARIABLE = YES;
				IPHONEOS_DEPLOYMENT_TARGET = 9.1;
				MTL_ENABLE_DEBUG_INFO = YES;
				ONLY_ACTIVE_ARCH = YES;
				SDKROOT = iphoneos;
				SWIFT_OPTIMIZATION_LEVEL = "-Onone";
				TARGETED_DEVICE_FAMILY = "1,2";
			};
			name = Debug;
		};
		19F388F31BEBB06E00FD22F1 /* Release */ = {
			isa = XCBuildConfiguration;
			buildSettings = {
				ALWAYS_SEARCH_USER_PATHS = NO;
				CLANG_CXX_LANGUAGE_STANDARD = "gnu++0x";
				CLANG_CXX_LIBRARY = "libc++";
				CLANG_ENABLE_MODULES = YES;
				CLANG_ENABLE_OBJC_ARC = YES;
				CLANG_WARN_BOOL_CONVERSION = YES;
				CLANG_WARN_CONSTANT_CONVERSION = YES;
				CLANG_WARN_DIRECT_OBJC_ISA_USAGE = YES_ERROR;
				CLANG_WARN_EMPTY_BODY = YES;
				CLANG_WARN_ENUM_CONVERSION = YES;
				CLANG_WARN_INT_CONVERSION = YES;
				CLANG_WARN_OBJC_ROOT_CLASS = YES_ERROR;
				CLANG_WARN_UNREACHABLE_CODE = YES;
				CLANG_WARN__DUPLICATE_METHOD_MATCH = YES;
				"CODE_SIGN_IDENTITY[sdk=iphoneos*]" = "iPhone Developer";
				COPY_PHASE_STRIP = NO;
				DEBUG_INFORMATION_FORMAT = "dwarf-with-dsym";
				ENABLE_NS_ASSERTIONS = NO;
				ENABLE_STRICT_OBJC_MSGSEND = YES;
				GCC_C_LANGUAGE_STANDARD = gnu99;
				GCC_NO_COMMON_BLOCKS = YES;
				GCC_WARN_64_TO_32_BIT_CONVERSION = YES;
				GCC_WARN_ABOUT_RETURN_TYPE = YES_ERROR;
				GCC_WARN_UNDECLARED_SELECTOR = YES;
				GCC_WARN_UNINITIALIZED_AUTOS = YES_AGGRESSIVE;
				GCC_WARN_UNUSED_FUNCTION = YES;
				GCC_WARN_UNUSED_VARIABLE = YES;
				IPHONEOS_DEPLOYMENT_TARGET = 9.1;
				MTL_ENABLE_DEBUG_INFO = NO;
				SDKROOT = iphoneos;
				TARGETED_DEVICE_FAMILY = "1,2";
				VALIDATE_PRODUCT = YES;
			};
			name = Release;
		};
		19F388F51BEBB06E00FD22F1 /* Debug */ = {
			isa = XCBuildConfiguration;
			buildSettings = {
				ASSETCATALOG_COMPILER_APPICON_NAME = AppIcon;
				CODE_SIGN_IDENTITY = "iPhone Developer";
				"CODE_SIGN_IDENTITY[sdk=iphoneos*]" = "iPhone Developer";
				INFOPLIST_FILE = hopper/Info.plist;
				LD_RUNPATH_SEARCH_PATHS = "$(inherited) @executable_path/Frameworks";
				PRODUCT_BUNDLE_IDENTIFIER = com.darienmorris.hopper;
				PRODUCT_NAME = "$(TARGET_NAME)";
				PROVISIONING_PROFILE = "";
			};
			name = Debug;
		};
		19F388F61BEBB06E00FD22F1 /* Release */ = {
			isa = XCBuildConfiguration;
			buildSettings = {
				ASSETCATALOG_COMPILER_APPICON_NAME = AppIcon;
				CODE_SIGN_IDENTITY = "iPhone Developer";
				"CODE_SIGN_IDENTITY[sdk=iphoneos*]" = "iPhone Developer";
				INFOPLIST_FILE = hopper/Info.plist;
				LD_RUNPATH_SEARCH_PATHS = "$(inherited) @executable_path/Frameworks";
				PRODUCT_BUNDLE_IDENTIFIER = com.darienmorris.hopper;
				PRODUCT_NAME = "$(TARGET_NAME)";
				PROVISIONING_PROFILE = "";
			};
			name = Release;
		};
		19F388F81BEBB06E00FD22F1 /* Debug */ = {
			isa = XCBuildConfiguration;
			buildSettings = {
				BUNDLE_LOADER = "$(TEST_HOST)";
				DEBUG_INFORMATION_FORMAT = dwarf;
				INFOPLIST_FILE = hopperTests/Info.plist;
				LD_RUNPATH_SEARCH_PATHS = "$(inherited) @executable_path/Frameworks @loader_path/Frameworks";
				PRODUCT_BUNDLE_IDENTIFIER = com.darienmorris.hopperTests;
				PRODUCT_NAME = "$(TARGET_NAME)";
				TEST_HOST = "$(BUILT_PRODUCTS_DIR)/hopper.app/hopper";
			};
			name = Debug;
		};
		19F388F91BEBB06E00FD22F1 /* Release */ = {
			isa = XCBuildConfiguration;
			buildSettings = {
				BUNDLE_LOADER = "$(TEST_HOST)";
				INFOPLIST_FILE = hopperTests/Info.plist;
				LD_RUNPATH_SEARCH_PATHS = "$(inherited) @executable_path/Frameworks @loader_path/Frameworks";
				PRODUCT_BUNDLE_IDENTIFIER = com.darienmorris.hopperTests;
				PRODUCT_NAME = "$(TARGET_NAME)";
				TEST_HOST = "$(BUILT_PRODUCTS_DIR)/hopper.app/hopper";
			};
			name = Release;
		};
		19F388FB1BEBB06E00FD22F1 /* Debug */ = {
			isa = XCBuildConfiguration;
			buildSettings = {
				DEBUG_INFORMATION_FORMAT = dwarf;
				INFOPLIST_FILE = hopperUITests/Info.plist;
				LD_RUNPATH_SEARCH_PATHS = "$(inherited) @executable_path/Frameworks @loader_path/Frameworks";
				PRODUCT_BUNDLE_IDENTIFIER = com.darienmorris.hopperUITests;
				PRODUCT_NAME = "$(TARGET_NAME)";
				TEST_TARGET_NAME = hopper;
				USES_XCTRUNNER = YES;
			};
			name = Debug;
		};
		19F388FC1BEBB06E00FD22F1 /* Release */ = {
			isa = XCBuildConfiguration;
			buildSettings = {
				INFOPLIST_FILE = hopperUITests/Info.plist;
				LD_RUNPATH_SEARCH_PATHS = "$(inherited) @executable_path/Frameworks @loader_path/Frameworks";
				PRODUCT_BUNDLE_IDENTIFIER = com.darienmorris.hopperUITests;
				PRODUCT_NAME = "$(TARGET_NAME)";
				TEST_TARGET_NAME = hopper;
				USES_XCTRUNNER = YES;
			};
			name = Release;
		};
/* End XCBuildConfiguration section */

/* Begin XCConfigurationList section */
		19F388C31BEBB06D00FD22F1 /* Build configuration list for PBXProject "hopper" */ = {
			isa = XCConfigurationList;
			buildConfigurations = (
				19F388F21BEBB06E00FD22F1 /* Debug */,
				19F388F31BEBB06E00FD22F1 /* Release */,
			);
			defaultConfigurationIsVisible = 0;
			defaultConfigurationName = Release;
		};
		19F388F41BEBB06E00FD22F1 /* Build configuration list for PBXNativeTarget "hopper" */ = {
			isa = XCConfigurationList;
			buildConfigurations = (
				19F388F51BEBB06E00FD22F1 /* Debug */,
				19F388F61BEBB06E00FD22F1 /* Release */,
			);
			defaultConfigurationIsVisible = 0;
			defaultConfigurationName = Release;
		};
		19F388F71BEBB06E00FD22F1 /* Build configuration list for PBXNativeTarget "hopperTests" */ = {
			isa = XCConfigurationList;
			buildConfigurations = (
				19F388F81BEBB06E00FD22F1 /* Debug */,
				19F388F91BEBB06E00FD22F1 /* Release */,
			);
			defaultConfigurationIsVisible = 0;
			defaultConfigurationName = Release;
		};
		19F388FA1BEBB06E00FD22F1 /* Build configuration list for PBXNativeTarget "hopperUITests" */ = {
			isa = XCConfigurationList;
			buildConfigurations = (
				19F388FB1BEBB06E00FD22F1 /* Debug */,
				19F388FC1BEBB06E00FD22F1 /* Release */,
			);
			defaultConfigurationIsVisible = 0;
			defaultConfigurationName = Release;
		};
/* End XCConfigurationList section */
	};
	rootObject = 19F388C01BEBB06D00FD22F1 /* Project object */;
}
